
Microsoft Visual Studio Solution File, Format Version 12.00
# Visual Studio Version 17
VisualStudioVersion = 17.4.33122.133
MinimumVisualStudioVersion = 10.0.40219.1
Project("{FAE04EC0-301F-11D3-BF4B-00C04F79EFBC}") = "Garage2_0", "Garage2_0\Garage2_0.csproj", "{1ACAB006-71B6-4D0A-8B53-EAC4C0ADA31C}"
EndProject
Global
	GlobalSection(SolutionConfigurationPlatforms) = preSolution
		Debug|Any CPU = Debug|Any CPU
		Release|Any CPU = Release|Any CPU
	EndGlobalSection
	GlobalSection(ProjectConfigurationPlatforms) = postSolution
		{1ACAB006-71B6-4D0A-8B53-EAC4C0ADA31C}.Debug|Any CPU.ActiveCfg = Debug|Any CPU
		{1ACAB006-71B6-4D0A-8B53-EAC4C0ADA31C}.Debug|Any CPU.Build.0 = Debug|Any CPU
		{1ACAB006-71B6-4D0A-8B53-EAC4C0ADA31C}.Release|Any CPU.ActiveCfg = Release|Any CPU
		{1ACAB006-71B6-4D0A-8B53-EAC4C0ADA31C}.Release|Any CPU.Build.0 = Release|Any CPU
	EndGlobalSection
	GlobalSection(SolutionProperties) = preSolution
		HideSolutionNode = FALSE
	EndGlobalSection
	GlobalSection(ExtensibilityGlobals) = postSolution
		SolutionGuid = {537B9C08-F787-4346-BD79-52A2FC63E911}
	EndGlobalSection
EndGlobal
